
Microsoft Visual Studio Solution File, Format Version 12.00
# Visual Studio Version 17
VisualStudioVersion = 17.8.34309.116
MinimumVisualStudioVersion = 10.0.40219.1
Project("{2150E333-8FDC-42A3-9474-1A3956D46DE8}") = "2023", "2023", "{5BFBC386-D9B2-4684-8DAA-FCC97C71DFF7}"
EndProject
Project("{9A19103F-16F7-4668-BE54-9A1E7A4F7556}") = "Day01", "2023\Day01\Day01.csproj", "{E322B1DA-1EED-4BCE-82DE-749875AC77B8}"
EndProject
Project("{FAE04EC0-301F-11D3-BF4B-00C04F79EFBC}") = "Day02", "2023\Day02\Day02.csproj", "{E6B741F8-98FA-4C0A-BDAE-1A747430DEB9}"
EndProject
Global
	GlobalSection(SolutionConfigurationPlatforms) = preSolution
		Debug|Any CPU = Debug|Any CPU
		Release|Any CPU = Release|Any CPU
	EndGlobalSection
	GlobalSection(ProjectConfigurationPlatforms) = postSolution
		{E322B1DA-1EED-4BCE-82DE-749875AC77B8}.Debug|Any CPU.ActiveCfg = Debug|Any CPU
		{E322B1DA-1EED-4BCE-82DE-749875AC77B8}.Debug|Any CPU.Build.0 = Debug|Any CPU
		{E322B1DA-1EED-4BCE-82DE-749875AC77B8}.Release|Any CPU.ActiveCfg = Release|Any CPU
		{E322B1DA-1EED-4BCE-82DE-749875AC77B8}.Release|Any CPU.Build.0 = Release|Any CPU
		{E6B741F8-98FA-4C0A-BDAE-1A747430DEB9}.Debug|Any CPU.ActiveCfg = Debug|Any CPU
		{E6B741F8-98FA-4C0A-BDAE-1A747430DEB9}.Debug|Any CPU.Build.0 = Debug|Any CPU
		{E6B741F8-98FA-4C0A-BDAE-1A747430DEB9}.Release|Any CPU.ActiveCfg = Release|Any CPU
		{E6B741F8-98FA-4C0A-BDAE-1A747430DEB9}.Release|Any CPU.Build.0 = Release|Any CPU
	EndGlobalSection
	GlobalSection(SolutionProperties) = preSolution
		HideSolutionNode = FALSE
	EndGlobalSection
	GlobalSection(NestedProjects) = preSolution
		{E322B1DA-1EED-4BCE-82DE-749875AC77B8} = {5BFBC386-D9B2-4684-8DAA-FCC97C71DFF7}
		{E6B741F8-98FA-4C0A-BDAE-1A747430DEB9} = {5BFBC386-D9B2-4684-8DAA-FCC97C71DFF7}
	EndGlobalSection
	GlobalSection(ExtensibilityGlobals) = postSolution
		SolutionGuid = {2ECFF61C-43D6-43DE-97F1-19CF14D95028}
	EndGlobalSection
EndGlobal
